
Microsoft Visual Studio Solution File, Format Version 12.00
# Visual Studio 15
VisualStudioVersion = 15.0.27428.2037
MinimumVisualStudioVersion = 10.0.40219.1
Project("{FAE04EC0-301F-11D3-BF4B-00C04F79EFBC}") = "ConsoleApp", "ConsoleApp\ConsoleApp.csproj", "{5C446858-C83A-4150-BFD3-E63BAE9BA902}"
EndProject
Global
	GlobalSection(SolutionConfigurationPlatforms) = preSolution
		Debug|Any CPU = Debug|Any CPU
		Release|Any CPU = Release|Any CPU
	EndGlobalSection
	GlobalSection(ProjectConfigurationPlatforms) = postSolution
		{5C446858-C83A-4150-BFD3-E63BAE9BA902}.Debug|Any CPU.ActiveCfg = Debug|Any CPU
		{5C446858-C83A-4150-BFD3-E63BAE9BA902}.Debug|Any CPU.Build.0 = Debug|Any CPU
		{5C446858-C83A-4150-BFD3-E63BAE9BA902}.Release|Any CPU.ActiveCfg = Release|Any CPU
		{5C446858-C83A-4150-BFD3-E63BAE9BA902}.Release|Any CPU.Build.0 = Release|Any CPU
	EndGlobalSection
	GlobalSection(SolutionProperties) = preSolution
		HideSolutionNode = FALSE
	EndGlobalSection
	GlobalSection(ExtensibilityGlobals) = postSolution
		SolutionGuid = {0203B358-73DF-47EB-A80F-DFC0034FBB17}
	EndGlobalSection
EndGlobal
